
Microsoft Visual Studio Solution File, Format Version 12.00
# Visual Studio Version 17
VisualStudioVersion = 17.1.32210.238
MinimumVisualStudioVersion = 10.0.40219.1
Project("{FAE04EC0-301F-11D3-BF4B-00C04F79EFBC}") = "TD1-Delafosse-Ex1-2", "TD1-Delafosse\TD1-Delafosse-Ex1-2.csproj", "{CFE60648-AE65-48A9-BDE5-7B24BF4169E7}"
EndProject
Project("{FAE04EC0-301F-11D3-BF4B-00C04F79EFBC}") = "TD1-Delafosse-Ex3", "TD1-Delafosse-Ex3\TD1-Delafosse-Ex3.csproj", "{C562E7FF-58F2-4665-BA02-B6285835E7C3}"
EndProject
Project("{FAE04EC0-301F-11D3-BF4B-00C04F79EFBC}") = "TD1-Delafosse-Ex4", "TD1-Delafosse-Ex4\TD1-Delafosse-Ex4.csproj", "{BA27DF69-3CD1-4F01-AC6B-97F3F076EA19}"
EndProject
Global
	GlobalSection(SolutionConfigurationPlatforms) = preSolution
		Debug|Any CPU = Debug|Any CPU
		Release|Any CPU = Release|Any CPU
	EndGlobalSection
	GlobalSection(ProjectConfigurationPlatforms) = postSolution
		{CFE60648-AE65-48A9-BDE5-7B24BF4169E7}.Debug|Any CPU.ActiveCfg = Debug|Any CPU
		{CFE60648-AE65-48A9-BDE5-7B24BF4169E7}.Debug|Any CPU.Build.0 = Debug|Any CPU
		{CFE60648-AE65-48A9-BDE5-7B24BF4169E7}.Release|Any CPU.ActiveCfg = Release|Any CPU
		{CFE60648-AE65-48A9-BDE5-7B24BF4169E7}.Release|Any CPU.Build.0 = Release|Any CPU
		{C562E7FF-58F2-4665-BA02-B6285835E7C3}.Debug|Any CPU.ActiveCfg = Debug|Any CPU
		{C562E7FF-58F2-4665-BA02-B6285835E7C3}.Debug|Any CPU.Build.0 = Debug|Any CPU
		{C562E7FF-58F2-4665-BA02-B6285835E7C3}.Release|Any CPU.ActiveCfg = Release|Any CPU
		{C562E7FF-58F2-4665-BA02-B6285835E7C3}.Release|Any CPU.Build.0 = Release|Any CPU
		{BA27DF69-3CD1-4F01-AC6B-97F3F076EA19}.Debug|Any CPU.ActiveCfg = Debug|Any CPU
		{BA27DF69-3CD1-4F01-AC6B-97F3F076EA19}.Debug|Any CPU.Build.0 = Debug|Any CPU
		{BA27DF69-3CD1-4F01-AC6B-97F3F076EA19}.Release|Any CPU.ActiveCfg = Release|Any CPU
		{BA27DF69-3CD1-4F01-AC6B-97F3F076EA19}.Release|Any CPU.Build.0 = Release|Any CPU
	EndGlobalSection
	GlobalSection(SolutionProperties) = preSolution
		HideSolutionNode = FALSE
	EndGlobalSection
	GlobalSection(ExtensibilityGlobals) = postSolution
		SolutionGuid = {993CD5A7-2127-459F-B6E3-652D10AB77CF}
	EndGlobalSection
EndGlobal
